// !$*UTF8*$!
{
	archiveVersion = 1;
	classes = {
	};
	objectVersion = 56;
	objects = {

/* Begin PBXBuildFile section */
		632E91AE2AF98C6200CBB6BE /* AppDelegate.swift in Sources */ = {isa = PBXBuildFile; fileRef = 632E91AD2AF98C6200CBB6BE /* AppDelegate.swift */; };
		632E91B02AF98C6200CBB6BE /* SceneDelegate.swift in Sources */ = {isa = PBXBuildFile; fileRef = 632E91AF2AF98C6200CBB6BE /* SceneDelegate.swift */; };
		632E91B52AF98C6200CBB6BE /* Main.storyboard in Resources */ = {isa = PBXBuildFile; fileRef = 632E91B32AF98C6200CBB6BE /* Main.storyboard */; };
		632E91BA2AF98C6400CBB6BE /* Assets.xcassets in Resources */ = {isa = PBXBuildFile; fileRef = 632E91B92AF98C6400CBB6BE /* Assets.xcassets */; };
		632E91BD2AF98C6400CBB6BE /* LaunchScreen.storyboard in Resources */ = {isa = PBXBuildFile; fileRef = 632E91BB2AF98C6400CBB6BE /* LaunchScreen.storyboard */; };
		632E91C52AF98CE300CBB6BE /* CoreDataManager.swift in Sources */ = {isa = PBXBuildFile; fileRef = 632E91C42AF98CE300CBB6BE /* CoreDataManager.swift */; };
		632E91C72AF98D1100CBB6BE /* LoginViewModel.swift in Sources */ = {isa = PBXBuildFile; fileRef = 632E91C62AF98D1100CBB6BE /* LoginViewModel.swift */; };
		632E91C92AF98D6900CBB6BE /* LoginViewController.swift in Sources */ = {isa = PBXBuildFile; fileRef = 632E91C82AF98D6900CBB6BE /* LoginViewController.swift */; };
		632E91CB2AF98D8600CBB6BE /* RegisterViewController.swift in Sources */ = {isa = PBXBuildFile; fileRef = 632E91CA2AF98D8600CBB6BE /* RegisterViewController.swift */; };
		633DC50C2AFD29F300F45D66 /* PhotoGalleryViewController.swift in Sources */ = {isa = PBXBuildFile; fileRef = 633DC50B2AFD29F300F45D66 /* PhotoGalleryViewController.swift */; };
		633DC50E2AFD2A0300F45D66 /* PhotoDetailViewController.swift in Sources */ = {isa = PBXBuildFile; fileRef = 633DC50D2AFD2A0300F45D66 /* PhotoDetailViewController.swift */; };
		633DC5352AFD5B1E00F45D66 /* RegisterViewModel.swift in Sources */ = {isa = PBXBuildFile; fileRef = 633DC5342AFD5B1E00F45D66 /* RegisterViewModel.swift */; };
		633DC5382AFD72CF00F45D66 /* CheckValidation.swift in Sources */ = {isa = PBXBuildFile; fileRef = 633DC5372AFD72CF00F45D66 /* CheckValidation.swift */; };
		63C9A9802AFFCFFC000734C7 /* UserInfo.xcdatamodeld in Sources */ = {isa = PBXBuildFile; fileRef = 63C9A97E2AFFCFFC000734C7 /* UserInfo.xcdatamodeld */; };
		63E55F442AFFF6C7004F9D1B /* ImageViewCell.swift in Sources */ = {isa = PBXBuildFile; fileRef = 63E55F432AFFF6C7004F9D1B /* ImageViewCell.swift */; };
		63E55F472AFFF73E004F9D1B /* ImageViewModel.swift in Sources */ = {isa = PBXBuildFile; fileRef = 63E55F462AFFF73E004F9D1B /* ImageViewModel.swift */; };
		63E55F492AFFF756004F9D1B /* ImagesViewModel.swift in Sources */ = {isa = PBXBuildFile; fileRef = 63E55F482AFFF756004F9D1B /* ImagesViewModel.swift */; };
		63E55F4C2AFFF77C004F9D1B /* ImageEntity.swift in Sources */ = {isa = PBXBuildFile; fileRef = 63E55F4B2AFFF77C004F9D1B /* ImageEntity.swift */; };
		63E55F522AFFF7F8004F9D1B /* Kingfisher in Frameworks */ = {isa = PBXBuildFile; productRef = 63E55F512AFFF7F8004F9D1B /* Kingfisher */; };
		63E9F2B12AFE52CF0086A36D /* SetUpUI.swift in Sources */ = {isa = PBXBuildFile; fileRef = 63E9F2B02AFE52CF0086A36D /* SetUpUI.swift */; };
		63E9F2B32AFE53690086A36D /* UIView.swift in Sources */ = {isa = PBXBuildFile; fileRef = 63E9F2B22AFE53690086A36D /* UIView.swift */; };
		63F59BDE2AFFFD230063B39F /* ImageServiceProtocol.swift in Sources */ = {isa = PBXBuildFile; fileRef = 63F59BDD2AFFFD230063B39F /* ImageServiceProtocol.swift */; };
		63F59BE02AFFFD370063B39F /* PixabayImageService.swift in Sources */ = {isa = PBXBuildFile; fileRef = 63F59BDF2AFFFD370063B39F /* PixabayImageService.swift */; };
		63F59BE22AFFFD590063B39F /* ImageLoader.swift in Sources */ = {isa = PBXBuildFile; fileRef = 63F59BE12AFFFD590063B39F /* ImageLoader.swift */; };
		63F59BE42AFFFD820063B39F /* ServerResponse.swift in Sources */ = {isa = PBXBuildFile; fileRef = 63F59BE32AFFFD820063B39F /* ServerResponse.swift */; };
		63F69A782AFFC17A00951737 /* RegisterViewControllerREF.swift in Sources */ = {isa = PBXBuildFile; fileRef = 63F69A772AFFC17A00951737 /* RegisterViewControllerREF.swift */; };
		71F28CFF2AFEB7FB00CD6095 /* LoginViewControllerREF.swift in Sources */ = {isa = PBXBuildFile; fileRef = 71F28CFE2AFEB7FB00CD6095 /* LoginViewControllerREF.swift */; };
		71F28D032AFEB84E00CD6095 /* CustomTextField.swift in Sources */ = {isa = PBXBuildFile; fileRef = 71F28D022AFEB84E00CD6095 /* CustomTextField.swift */; };
		71F28D052AFEB94700CD6095 /* CustomTextFieldModel.swift in Sources */ = {isa = PBXBuildFile; fileRef = 71F28D042AFEB94700CD6095 /* CustomTextFieldModel.swift */; };
		71F28D072AFEC46100CD6095 /* LoginViewModelREF.swift in Sources */ = {isa = PBXBuildFile; fileRef = 71F28D062AFEC46100CD6095 /* LoginViewModelREF.swift */; };
		71F28D0A2AFEC4A200CD6095 /* CustomButton.swift in Sources */ = {isa = PBXBuildFile; fileRef = 71F28D092AFEC4A200CD6095 /* CustomButton.swift */; };
		71F28D0C2AFEC4C600CD6095 /* CustomButtonModel.swift in Sources */ = {isa = PBXBuildFile; fileRef = 71F28D0B2AFEC4C600CD6095 /* CustomButtonModel.swift */; };
		71F28D0E2AFEC98000CD6095 /* AuthorizationRepository.swift in Sources */ = {isa = PBXBuildFile; fileRef = 71F28D0D2AFEC98000CD6095 /* AuthorizationRepository.swift */; };
		71F28D102AFECA6E00CD6095 /* LoginUseCase.swift in Sources */ = {isa = PBXBuildFile; fileRef = 71F28D0F2AFECA6E00CD6095 /* LoginUseCase.swift */; };
		71F28D122AFECADC00CD6095 /* RegisterUseCase.swift in Sources */ = {isa = PBXBuildFile; fileRef = 71F28D112AFECADC00CD6095 /* RegisterUseCase.swift */; };
/* End PBXBuildFile section */

/* Begin PBXFileReference section */
		632E91AA2AF98C6200CBB6BE /* MekvabidzeAni-TestProject.app */ = {isa = PBXFileReference; explicitFileType = wrapper.application; includeInIndex = 0; path = "MekvabidzeAni-TestProject.app"; sourceTree = BUILT_PRODUCTS_DIR; };
		632E91AD2AF98C6200CBB6BE /* AppDelegate.swift */ = {isa = PBXFileReference; lastKnownFileType = sourcecode.swift; path = AppDelegate.swift; sourceTree = "<group>"; };
		632E91AF2AF98C6200CBB6BE /* SceneDelegate.swift */ = {isa = PBXFileReference; lastKnownFileType = sourcecode.swift; path = SceneDelegate.swift; sourceTree = "<group>"; };
		632E91B42AF98C6200CBB6BE /* Base */ = {isa = PBXFileReference; lastKnownFileType = file.storyboard; name = Base; path = Base.lproj/Main.storyboard; sourceTree = "<group>"; };
		632E91B92AF98C6400CBB6BE /* Assets.xcassets */ = {isa = PBXFileReference; lastKnownFileType = folder.assetcatalog; path = Assets.xcassets; sourceTree = "<group>"; };
		632E91BC2AF98C6400CBB6BE /* Base */ = {isa = PBXFileReference; lastKnownFileType = file.storyboard; name = Base; path = Base.lproj/LaunchScreen.storyboard; sourceTree = "<group>"; };
		632E91BE2AF98C6400CBB6BE /* Info.plist */ = {isa = PBXFileReference; lastKnownFileType = text.plist.xml; path = Info.plist; sourceTree = "<group>"; };
		632E91C42AF98CE300CBB6BE /* CoreDataManager.swift */ = {isa = PBXFileReference; lastKnownFileType = sourcecode.swift; path = CoreDataManager.swift; sourceTree = "<group>"; };
		632E91C62AF98D1100CBB6BE /* LoginViewModel.swift */ = {isa = PBXFileReference; lastKnownFileType = sourcecode.swift; path = LoginViewModel.swift; sourceTree = "<group>"; };
		632E91C82AF98D6900CBB6BE /* LoginViewController.swift */ = {isa = PBXFileReference; lastKnownFileType = sourcecode.swift; path = LoginViewController.swift; sourceTree = "<group>"; };
		632E91CA2AF98D8600CBB6BE /* RegisterViewController.swift */ = {isa = PBXFileReference; lastKnownFileType = sourcecode.swift; path = RegisterViewController.swift; sourceTree = "<group>"; };
		633DC50B2AFD29F300F45D66 /* PhotoGalleryViewController.swift */ = {isa = PBXFileReference; lastKnownFileType = sourcecode.swift; path = PhotoGalleryViewController.swift; sourceTree = "<group>"; };
		633DC50D2AFD2A0300F45D66 /* PhotoDetailViewController.swift */ = {isa = PBXFileReference; lastKnownFileType = sourcecode.swift; path = PhotoDetailViewController.swift; sourceTree = "<group>"; };
		633DC5342AFD5B1E00F45D66 /* RegisterViewModel.swift */ = {isa = PBXFileReference; lastKnownFileType = sourcecode.swift; path = RegisterViewModel.swift; sourceTree = "<group>"; };
		633DC5372AFD72CF00F45D66 /* CheckValidation.swift */ = {isa = PBXFileReference; lastKnownFileType = sourcecode.swift; path = CheckValidation.swift; sourceTree = "<group>"; };
		63C9A97F2AFFCFFC000734C7 /* UserInfo.xcdatamodel */ = {isa = PBXFileReference; lastKnownFileType = wrapper.xcdatamodel; path = UserInfo.xcdatamodel; sourceTree = "<group>"; };
		63E55F432AFFF6C7004F9D1B /* ImageViewCell.swift */ = {isa = PBXFileReference; lastKnownFileType = sourcecode.swift; path = ImageViewCell.swift; sourceTree = "<group>"; };
		63E55F462AFFF73E004F9D1B /* ImageViewModel.swift */ = {isa = PBXFileReference; lastKnownFileType = sourcecode.swift; path = ImageViewModel.swift; sourceTree = "<group>"; };
		63E55F482AFFF756004F9D1B /* ImagesViewModel.swift */ = {isa = PBXFileReference; lastKnownFileType = sourcecode.swift; path = ImagesViewModel.swift; sourceTree = "<group>"; };
		63E55F4B2AFFF77C004F9D1B /* ImageEntity.swift */ = {isa = PBXFileReference; lastKnownFileType = sourcecode.swift; path = ImageEntity.swift; sourceTree = "<group>"; };
		63E9F2B02AFE52CF0086A36D /* SetUpUI.swift */ = {isa = PBXFileReference; lastKnownFileType = sourcecode.swift; path = SetUpUI.swift; sourceTree = "<group>"; };
		63E9F2B22AFE53690086A36D /* UIView.swift */ = {isa = PBXFileReference; lastKnownFileType = sourcecode.swift; path = UIView.swift; sourceTree = "<group>"; };
		63F59BDD2AFFFD230063B39F /* ImageServiceProtocol.swift */ = {isa = PBXFileReference; lastKnownFileType = sourcecode.swift; path = ImageServiceProtocol.swift; sourceTree = "<group>"; };
		63F59BDF2AFFFD370063B39F /* PixabayImageService.swift */ = {isa = PBXFileReference; lastKnownFileType = sourcecode.swift; path = PixabayImageService.swift; sourceTree = "<group>"; };
		63F59BE12AFFFD590063B39F /* ImageLoader.swift */ = {isa = PBXFileReference; lastKnownFileType = sourcecode.swift; path = ImageLoader.swift; sourceTree = "<group>"; };
		63F59BE32AFFFD820063B39F /* ServerResponse.swift */ = {isa = PBXFileReference; lastKnownFileType = sourcecode.swift; path = ServerResponse.swift; sourceTree = "<group>"; };
		63F69A772AFFC17A00951737 /* RegisterViewControllerREF.swift */ = {isa = PBXFileReference; lastKnownFileType = sourcecode.swift; path = RegisterViewControllerREF.swift; sourceTree = "<group>"; };
		71F28CFE2AFEB7FB00CD6095 /* LoginViewControllerREF.swift */ = {isa = PBXFileReference; lastKnownFileType = sourcecode.swift; path = LoginViewControllerREF.swift; sourceTree = "<group>"; };
		71F28D022AFEB84E00CD6095 /* CustomTextField.swift */ = {isa = PBXFileReference; lastKnownFileType = sourcecode.swift; path = CustomTextField.swift; sourceTree = "<group>"; };
		71F28D042AFEB94700CD6095 /* CustomTextFieldModel.swift */ = {isa = PBXFileReference; lastKnownFileType = sourcecode.swift; path = CustomTextFieldModel.swift; sourceTree = "<group>"; };
		71F28D062AFEC46100CD6095 /* LoginViewModelREF.swift */ = {isa = PBXFileReference; lastKnownFileType = sourcecode.swift; path = LoginViewModelREF.swift; sourceTree = "<group>"; };
		71F28D092AFEC4A200CD6095 /* CustomButton.swift */ = {isa = PBXFileReference; lastKnownFileType = sourcecode.swift; path = CustomButton.swift; sourceTree = "<group>"; };
		71F28D0B2AFEC4C600CD6095 /* CustomButtonModel.swift */ = {isa = PBXFileReference; lastKnownFileType = sourcecode.swift; path = CustomButtonModel.swift; sourceTree = "<group>"; };
		71F28D0D2AFEC98000CD6095 /* AuthorizationRepository.swift */ = {isa = PBXFileReference; lastKnownFileType = sourcecode.swift; path = AuthorizationRepository.swift; sourceTree = "<group>"; };
		71F28D0F2AFECA6E00CD6095 /* LoginUseCase.swift */ = {isa = PBXFileReference; lastKnownFileType = sourcecode.swift; path = LoginUseCase.swift; sourceTree = "<group>"; };
		71F28D112AFECADC00CD6095 /* RegisterUseCase.swift */ = {isa = PBXFileReference; lastKnownFileType = sourcecode.swift; path = RegisterUseCase.swift; sourceTree = "<group>"; };
/* End PBXFileReference section */

/* Begin PBXFrameworksBuildPhase section */
		632E91A72AF98C6200CBB6BE /* Frameworks */ = {
			isa = PBXFrameworksBuildPhase;
			buildActionMask = 2147483647;
			files = (
				63E55F522AFFF7F8004F9D1B /* Kingfisher in Frameworks */,
			);
			runOnlyForDeploymentPostprocessing = 0;
		};
/* End PBXFrameworksBuildPhase section */

/* Begin PBXGroup section */
		632E91A12AF98C6200CBB6BE = {
			isa = PBXGroup;
			children = (
				632E91AC2AF98C6200CBB6BE /* MekvabidzeAni-TestProject */,
				632E91AB2AF98C6200CBB6BE /* Products */,
			);
			sourceTree = "<group>";
		};
		632E91AB2AF98C6200CBB6BE /* Products */ = {
			isa = PBXGroup;
			children = (
				632E91AA2AF98C6200CBB6BE /* MekvabidzeAni-TestProject.app */,
			);
			name = Products;
			sourceTree = "<group>";
		};
		632E91AC2AF98C6200CBB6BE /* MekvabidzeAni-TestProject */ = {
			isa = PBXGroup;
			children = (
				633DC5122AFD3DE700F45D66 /* App */,
				63F59BDC2AFFFD0E0063B39F /* Networking */,
				633DC5102AFD3DC100F45D66 /* Domain */,
				633DC50F2AFD3DB600F45D66 /* Data */,
				633DC5142AFD3E1100F45D66 /* Scenes */,
				71F28D002AFEB82A00CD6095 /* Components */,
				633DC5152AFD3E2300F45D66 /* Resources */,
			);
			path = "MekvabidzeAni-TestProject";
			sourceTree = "<group>";
		};
		633DC50F2AFD3DB600F45D66 /* Data */ = {
			isa = PBXGroup;
			children = (
				632E91C42AF98CE300CBB6BE /* CoreDataManager.swift */,
			);
			path = Data;
			sourceTree = "<group>";
		};
		633DC5102AFD3DC100F45D66 /* Domain */ = {
			isa = PBXGroup;
			children = (
				63E55F4A2AFFF76C004F9D1B /* Models */,
				63E55F452AFFF723004F9D1B /* ViewModels */,
				633DC51D2AFD400500F45D66 /* Interfaces */,
			);
			path = Domain;
			sourceTree = "<group>";
		};
		633DC5122AFD3DE700F45D66 /* App */ = {
			isa = PBXGroup;
			children = (
				633DC5182AFD3F1100F45D66 /* AppDelegate */,
			);
			path = App;
			sourceTree = "<group>";
		};
		633DC5142AFD3E1100F45D66 /* Scenes */ = {
			isa = PBXGroup;
			children = (
				63F59BE52B0000170063B39F /* Launch */,
				632E91B32AF98C6200CBB6BE /* Main.storyboard */,
				633DC5192AFD3F3A00F45D66 /* LogIn */,
				633DC51A2AFD3F4300F45D66 /* Register */,
				633DC51B2AFD3F4C00F45D66 /* PhotoGallery */,
				633DC51C2AFD3F5400F45D66 /* PhotoDetail */,
			);
			path = Scenes;
			sourceTree = "<group>";
		};
		633DC5152AFD3E2300F45D66 /* Resources */ = {
			isa = PBXGroup;
			children = (
				633DC5362AFD72AA00F45D66 /* Extension */,
				632E91BE2AF98C6400CBB6BE /* Info.plist */,
				633DC5162AFD3E3500F45D66 /* Core Data */,
				632E91B92AF98C6400CBB6BE /* Assets.xcassets */,
			);
			path = Resources;
			sourceTree = "<group>";
		};
		633DC5162AFD3E3500F45D66 /* Core Data */ = {
			isa = PBXGroup;
			children = (
				63C9A97E2AFFCFFC000734C7 /* UserInfo.xcdatamodeld */,
			);
			path = "Core Data";
			sourceTree = "<group>";
		};
		633DC5182AFD3F1100F45D66 /* AppDelegate */ = {
			isa = PBXGroup;
			children = (
				632E91AF2AF98C6200CBB6BE /* SceneDelegate.swift */,
				632E91AD2AF98C6200CBB6BE /* AppDelegate.swift */,
			);
			path = AppDelegate;
			sourceTree = "<group>";
		};
		633DC5192AFD3F3A00F45D66 /* LogIn */ = {
			isa = PBXGroup;
			children = (
				632E91C82AF98D6900CBB6BE /* LoginViewController.swift */,
				71F28CFE2AFEB7FB00CD6095 /* LoginViewControllerREF.swift */,
				71F28D062AFEC46100CD6095 /* LoginViewModelREF.swift */,
				632E91C62AF98D1100CBB6BE /* LoginViewModel.swift */,
			);
			path = LogIn;
			sourceTree = "<group>";
		};
		633DC51A2AFD3F4300F45D66 /* Register */ = {
			isa = PBXGroup;
			children = (
				632E91CA2AF98D8600CBB6BE /* RegisterViewController.swift */,
				633DC5342AFD5B1E00F45D66 /* RegisterViewModel.swift */,
				63F69A772AFFC17A00951737 /* RegisterViewControllerREF.swift */,
			);
			path = Register;
			sourceTree = "<group>";
		};
		633DC51B2AFD3F4C00F45D66 /* PhotoGallery */ = {
			isa = PBXGroup;
			children = (
				63E55F422AFFF6A4004F9D1B /* Cell */,
				633DC50B2AFD29F300F45D66 /* PhotoGalleryViewController.swift */,
			);
			path = PhotoGallery;
			sourceTree = "<group>";
		};
		633DC51C2AFD3F5400F45D66 /* PhotoDetail */ = {
			isa = PBXGroup;
			children = (
				633DC50D2AFD2A0300F45D66 /* PhotoDetailViewController.swift */,
			);
			path = PhotoDetail;
			sourceTree = "<group>";
		};
		633DC51D2AFD400500F45D66 /* Interfaces */ = {
			isa = PBXGroup;
			children = (
				633DC5252AFD41E200F45D66 /* UseCases */,
				633DC51E2AFD401100F45D66 /* Repositories */,
			);
			path = Interfaces;
			sourceTree = "<group>";
		};
		633DC51E2AFD401100F45D66 /* Repositories */ = {
			isa = PBXGroup;
			children = (
				633DC51F2AFD401A00F45D66 /* Authorization */,
				633DC5222AFD404100F45D66 /* SignUp */,
			);
			path = Repositories;
			sourceTree = "<group>";
		};
		633DC51F2AFD401A00F45D66 /* Authorization */ = {
			isa = PBXGroup;
			children = (
				71F28D0D2AFEC98000CD6095 /* AuthorizationRepository.swift */,
			);
			path = Authorization;
			sourceTree = "<group>";
		};
		633DC5222AFD404100F45D66 /* SignUp */ = {
			isa = PBXGroup;
			children = (
			);
			path = SignUp;
			sourceTree = "<group>";
		};
		633DC5252AFD41E200F45D66 /* UseCases */ = {
			isa = PBXGroup;
			children = (
				71F28D0F2AFECA6E00CD6095 /* LoginUseCase.swift */,
				71F28D112AFECADC00CD6095 /* RegisterUseCase.swift */,
			);
			path = UseCases;
			sourceTree = "<group>";
		};
		633DC5362AFD72AA00F45D66 /* Extension */ = {
			isa = PBXGroup;
			children = (
				633DC5372AFD72CF00F45D66 /* CheckValidation.swift */,
				63E9F2B02AFE52CF0086A36D /* SetUpUI.swift */,
				63E9F2B22AFE53690086A36D /* UIView.swift */,
			);
			path = Extension;
			sourceTree = "<group>";
		};
		63E55F422AFFF6A4004F9D1B /* Cell */ = {
			isa = PBXGroup;
			children = (
				63E55F432AFFF6C7004F9D1B /* ImageViewCell.swift */,
			);
			path = Cell;
			sourceTree = "<group>";
		};
		63E55F452AFFF723004F9D1B /* ViewModels */ = {
			isa = PBXGroup;
			children = (
				63E55F462AFFF73E004F9D1B /* ImageViewModel.swift */,
				63E55F482AFFF756004F9D1B /* ImagesViewModel.swift */,
			);
			path = ViewModels;
			sourceTree = "<group>";
		};
		63E55F4A2AFFF76C004F9D1B /* Models */ = {
			isa = PBXGroup;
			children = (
				63F59BE32AFFFD820063B39F /* ServerResponse.swift */,
				63E55F4B2AFFF77C004F9D1B /* ImageEntity.swift */,
			);
			path = Models;
			sourceTree = "<group>";
		};
		63F59BDC2AFFFD0E0063B39F /* Networking */ = {
			isa = PBXGroup;
			children = (
				63F59BDD2AFFFD230063B39F /* ImageServiceProtocol.swift */,
				63F59BDF2AFFFD370063B39F /* PixabayImageService.swift */,
				63F59BE12AFFFD590063B39F /* ImageLoader.swift */,
			);
			path = Networking;
			sourceTree = "<group>";
		};
		63F59BE52B0000170063B39F /* Launch */ = {
			isa = PBXGroup;
			children = (
				632E91BB2AF98C6400CBB6BE /* LaunchScreen.storyboard */,
			);
			path = Launch;
			sourceTree = "<group>";
		};
		71F28D002AFEB82A00CD6095 /* Components */ = {
			isa = PBXGroup;
			children = (
				71F28D082AFEC49600CD6095 /* CustomButton */,
				71F28D012AFEB83700CD6095 /* CustomTextField */,
			);
			path = Components;
			sourceTree = "<group>";
		};
		71F28D012AFEB83700CD6095 /* CustomTextField */ = {
			isa = PBXGroup;
			children = (
				71F28D022AFEB84E00CD6095 /* CustomTextField.swift */,
				71F28D042AFEB94700CD6095 /* CustomTextFieldModel.swift */,
			);
			path = CustomTextField;
			sourceTree = "<group>";
		};
		71F28D082AFEC49600CD6095 /* CustomButton */ = {
			isa = PBXGroup;
			children = (
				71F28D092AFEC4A200CD6095 /* CustomButton.swift */,
				71F28D0B2AFEC4C600CD6095 /* CustomButtonModel.swift */,
			);
			path = CustomButton;
			sourceTree = "<group>";
		};
/* End PBXGroup section */

/* Begin PBXNativeTarget section */
		632E91A92AF98C6200CBB6BE /* MekvabidzeAni-TestProject */ = {
			isa = PBXNativeTarget;
			buildConfigurationList = 632E91C12AF98C6400CBB6BE /* Build configuration list for PBXNativeTarget "MekvabidzeAni-TestProject" */;
			buildPhases = (
				632E91A62AF98C6200CBB6BE /* Sources */,
				632E91A72AF98C6200CBB6BE /* Frameworks */,
				632E91A82AF98C6200CBB6BE /* Resources */,
			);
			buildRules = (
			);
			dependencies = (
			);
			name = "MekvabidzeAni-TestProject";
			packageProductDependencies = (
				63E55F512AFFF7F8004F9D1B /* Kingfisher */,
			);
			productName = TNET_Mekvaibdze_Ani_Test;
			productReference = 632E91AA2AF98C6200CBB6BE /* MekvabidzeAni-TestProject.app */;
			productType = "com.apple.product-type.application";
		};
/* End PBXNativeTarget section */

/* Begin PBXProject section */
		632E91A22AF98C6200CBB6BE /* Project object */ = {
			isa = PBXProject;
			attributes = {
				BuildIndependentTargetsInParallel = 1;
				LastSwiftUpdateCheck = 1410;
				LastUpgradeCheck = 1410;
				TargetAttributes = {
					632E91A92AF98C6200CBB6BE = {
						CreatedOnToolsVersion = 14.1;
					};
				};
			};
			buildConfigurationList = 632E91A52AF98C6200CBB6BE /* Build configuration list for PBXProject "MekvabidzeAni-TestProject" */;
			compatibilityVersion = "Xcode 14.0";
			developmentRegion = en;
			hasScannedForEncodings = 0;
			knownRegions = (
				en,
				Base,
			);
			mainGroup = 632E91A12AF98C6200CBB6BE;
			packageReferences = (
				63E55F502AFFF7F8004F9D1B /* XCRemoteSwiftPackageReference "Kingfisher" */,
			);
			productRefGroup = 632E91AB2AF98C6200CBB6BE /* Products */;
			projectDirPath = "";
			projectRoot = "";
			targets = (
				632E91A92AF98C6200CBB6BE /* MekvabidzeAni-TestProject */,
			);
		};
/* End PBXProject section */

/* Begin PBXResourcesBuildPhase section */
		632E91A82AF98C6200CBB6BE /* Resources */ = {
			isa = PBXResourcesBuildPhase;
			buildActionMask = 2147483647;
			files = (
				632E91BD2AF98C6400CBB6BE /* LaunchScreen.storyboard in Resources */,
				632E91BA2AF98C6400CBB6BE /* Assets.xcassets in Resources */,
				632E91B52AF98C6200CBB6BE /* Main.storyboard in Resources */,
			);
			runOnlyForDeploymentPostprocessing = 0;
		};
/* End PBXResourcesBuildPhase section */

/* Begin PBXSourcesBuildPhase section */
		632E91A62AF98C6200CBB6BE /* Sources */ = {
			isa = PBXSourcesBuildPhase;
			buildActionMask = 2147483647;
			files = (
				63E55F4C2AFFF77C004F9D1B /* ImageEntity.swift in Sources */,
				63F69A782AFFC17A00951737 /* RegisterViewControllerREF.swift in Sources */,
				63F59BE22AFFFD590063B39F /* ImageLoader.swift in Sources */,
				63E9F2B32AFE53690086A36D /* UIView.swift in Sources */,
				63F59BDE2AFFFD230063B39F /* ImageServiceProtocol.swift in Sources */,
				71F28D072AFEC46100CD6095 /* LoginViewModelREF.swift in Sources */,
				63F59BE02AFFFD370063B39F /* PixabayImageService.swift in Sources */,
				71F28D0A2AFEC4A200CD6095 /* CustomButton.swift in Sources */,
				63E55F442AFFF6C7004F9D1B /* ImageViewCell.swift in Sources */,
				71F28D0C2AFEC4C600CD6095 /* CustomButtonModel.swift in Sources */,
				633DC50C2AFD29F300F45D66 /* PhotoGalleryViewController.swift in Sources */,
				632E91C92AF98D6900CBB6BE /* LoginViewController.swift in Sources */,
				632E91AE2AF98C6200CBB6BE /* AppDelegate.swift in Sources */,
				63C9A9802AFFCFFC000734C7 /* UserInfo.xcdatamodeld in Sources */,
				633DC5382AFD72CF00F45D66 /* CheckValidation.swift in Sources */,
				63E55F472AFFF73E004F9D1B /* ImageViewModel.swift in Sources */,
				71F28D122AFECADC00CD6095 /* RegisterUseCase.swift in Sources */,
				632E91CB2AF98D8600CBB6BE /* RegisterViewController.swift in Sources */,
				632E91C72AF98D1100CBB6BE /* LoginViewModel.swift in Sources */,
				633DC5352AFD5B1E00F45D66 /* RegisterViewModel.swift in Sources */,
				63E55F492AFFF756004F9D1B /* ImagesViewModel.swift in Sources */,
				71F28D102AFECA6E00CD6095 /* LoginUseCase.swift in Sources */,
				632E91B02AF98C6200CBB6BE /* SceneDelegate.swift in Sources */,
				63E9F2B12AFE52CF0086A36D /* SetUpUI.swift in Sources */,
				71F28D052AFEB94700CD6095 /* CustomTextFieldModel.swift in Sources */,
				63F59BE42AFFFD820063B39F /* ServerResponse.swift in Sources */,
				71F28CFF2AFEB7FB00CD6095 /* LoginViewControllerREF.swift in Sources */,
				633DC50E2AFD2A0300F45D66 /* PhotoDetailViewController.swift in Sources */,
				632E91C52AF98CE300CBB6BE /* CoreDataManager.swift in Sources */,
				71F28D0E2AFEC98000CD6095 /* AuthorizationRepository.swift in Sources */,
				71F28D032AFEB84E00CD6095 /* CustomTextField.swift in Sources */,
			);
			runOnlyForDeploymentPostprocessing = 0;
		};
/* End PBXSourcesBuildPhase section */

/* Begin PBXVariantGroup section */
		632E91B32AF98C6200CBB6BE /* Main.storyboard */ = {
			isa = PBXVariantGroup;
			children = (
				632E91B42AF98C6200CBB6BE /* Base */,
			);
			name = Main.storyboard;
			sourceTree = "<group>";
		};
		632E91BB2AF98C6400CBB6BE /* LaunchScreen.storyboard */ = {
			isa = PBXVariantGroup;
			children = (
				632E91BC2AF98C6400CBB6BE /* Base */,
			);
			name = LaunchScreen.storyboard;
			sourceTree = "<group>";
		};
/* End PBXVariantGroup section */

/* Begin XCBuildConfiguration section */
		632E91BF2AF98C6400CBB6BE /* Debug */ = {
			isa = XCBuildConfiguration;
			buildSettings = {
				ALWAYS_SEARCH_USER_PATHS = NO;
				CLANG_ANALYZER_NONNULL = YES;
				CLANG_ANALYZER_NUMBER_OBJECT_CONVERSION = YES_AGGRESSIVE;
				CLANG_CXX_LANGUAGE_STANDARD = "gnu++20";
				CLANG_ENABLE_MODULES = YES;
				CLANG_ENABLE_OBJC_ARC = YES;
				CLANG_ENABLE_OBJC_WEAK = YES;
				CLANG_WARN_BLOCK_CAPTURE_AUTORELEASING = YES;
				CLANG_WARN_BOOL_CONVERSION = YES;
				CLANG_WARN_COMMA = YES;
				CLANG_WARN_CONSTANT_CONVERSION = YES;
				CLANG_WARN_DEPRECATED_OBJC_IMPLEMENTATIONS = YES;
				CLANG_WARN_DIRECT_OBJC_ISA_USAGE = YES_ERROR;
				CLANG_WARN_DOCUMENTATION_COMMENTS = YES;
				CLANG_WARN_EMPTY_BODY = YES;
				CLANG_WARN_ENUM_CONVERSION = YES;
				CLANG_WARN_INFINITE_RECURSION = YES;
				CLANG_WARN_INT_CONVERSION = YES;
				CLANG_WARN_NON_LITERAL_NULL_CONVERSION = YES;
				CLANG_WARN_OBJC_IMPLICIT_RETAIN_SELF = YES;
				CLANG_WARN_OBJC_LITERAL_CONVERSION = YES;
				CLANG_WARN_OBJC_ROOT_CLASS = YES_ERROR;
				CLANG_WARN_QUOTED_INCLUDE_IN_FRAMEWORK_HEADER = YES;
				CLANG_WARN_RANGE_LOOP_ANALYSIS = YES;
				CLANG_WARN_STRICT_PROTOTYPES = YES;
				CLANG_WARN_SUSPICIOUS_MOVE = YES;
				CLANG_WARN_UNGUARDED_AVAILABILITY = YES_AGGRESSIVE;
				CLANG_WARN_UNREACHABLE_CODE = YES;
				CLANG_WARN__DUPLICATE_METHOD_MATCH = YES;
				COPY_PHASE_STRIP = NO;
				DEBUG_INFORMATION_FORMAT = dwarf;
				ENABLE_STRICT_OBJC_MSGSEND = YES;
				ENABLE_TESTABILITY = YES;
				GCC_C_LANGUAGE_STANDARD = gnu11;
				GCC_DYNAMIC_NO_PIC = NO;
				GCC_NO_COMMON_BLOCKS = YES;
				GCC_OPTIMIZATION_LEVEL = 0;
				GCC_PREPROCESSOR_DEFINITIONS = (
					"DEBUG=1",
					"$(inherited)",
				);
				GCC_WARN_64_TO_32_BIT_CONVERSION = YES;
				GCC_WARN_ABOUT_RETURN_TYPE = YES_ERROR;
				GCC_WARN_UNDECLARED_SELECTOR = YES;
				GCC_WARN_UNINITIALIZED_AUTOS = YES_AGGRESSIVE;
				GCC_WARN_UNUSED_FUNCTION = YES;
				GCC_WARN_UNUSED_VARIABLE = YES;
				IPHONEOS_DEPLOYMENT_TARGET = 16.1;
				MTL_ENABLE_DEBUG_INFO = INCLUDE_SOURCE;
				MTL_FAST_MATH = YES;
				ONLY_ACTIVE_ARCH = YES;
				SDKROOT = iphoneos;
				SWIFT_ACTIVE_COMPILATION_CONDITIONS = DEBUG;
				SWIFT_OPTIMIZATION_LEVEL = "-Onone";
			};
			name = Debug;
		};
		632E91C02AF98C6400CBB6BE /* Release */ = {
			isa = XCBuildConfiguration;
			buildSettings = {
				ALWAYS_SEARCH_USER_PATHS = NO;
				CLANG_ANALYZER_NONNULL = YES;
				CLANG_ANALYZER_NUMBER_OBJECT_CONVERSION = YES_AGGRESSIVE;
				CLANG_CXX_LANGUAGE_STANDARD = "gnu++20";
				CLANG_ENABLE_MODULES = YES;
				CLANG_ENABLE_OBJC_ARC = YES;
				CLANG_ENABLE_OBJC_WEAK = YES;
				CLANG_WARN_BLOCK_CAPTURE_AUTORELEASING = YES;
				CLANG_WARN_BOOL_CONVERSION = YES;
				CLANG_WARN_COMMA = YES;
				CLANG_WARN_CONSTANT_CONVERSION = YES;
				CLANG_WARN_DEPRECATED_OBJC_IMPLEMENTATIONS = YES;
				CLANG_WARN_DIRECT_OBJC_ISA_USAGE = YES_ERROR;
				CLANG_WARN_DOCUMENTATION_COMMENTS = YES;
				CLANG_WARN_EMPTY_BODY = YES;
				CLANG_WARN_ENUM_CONVERSION = YES;
				CLANG_WARN_INFINITE_RECURSION = YES;
				CLANG_WARN_INT_CONVERSION = YES;
				CLANG_WARN_NON_LITERAL_NULL_CONVERSION = YES;
				CLANG_WARN_OBJC_IMPLICIT_RETAIN_SELF = YES;
				CLANG_WARN_OBJC_LITERAL_CONVERSION = YES;
				CLANG_WARN_OBJC_ROOT_CLASS = YES_ERROR;
				CLANG_WARN_QUOTED_INCLUDE_IN_FRAMEWORK_HEADER = YES;
				CLANG_WARN_RANGE_LOOP_ANALYSIS = YES;
				CLANG_WARN_STRICT_PROTOTYPES = YES;
				CLANG_WARN_SUSPICIOUS_MOVE = YES;
				CLANG_WARN_UNGUARDED_AVAILABILITY = YES_AGGRESSIVE;
				CLANG_WARN_UNREACHABLE_CODE = YES;
				CLANG_WARN__DUPLICATE_METHOD_MATCH = YES;
				COPY_PHASE_STRIP = NO;
				DEBUG_INFORMATION_FORMAT = "dwarf-with-dsym";
				ENABLE_NS_ASSERTIONS = NO;
				ENABLE_STRICT_OBJC_MSGSEND = YES;
				GCC_C_LANGUAGE_STANDARD = gnu11;
				GCC_NO_COMMON_BLOCKS = YES;
				GCC_WARN_64_TO_32_BIT_CONVERSION = YES;
				GCC_WARN_ABOUT_RETURN_TYPE = YES_ERROR;
				GCC_WARN_UNDECLARED_SELECTOR = YES;
				GCC_WARN_UNINITIALIZED_AUTOS = YES_AGGRESSIVE;
				GCC_WARN_UNUSED_FUNCTION = YES;
				GCC_WARN_UNUSED_VARIABLE = YES;
				IPHONEOS_DEPLOYMENT_TARGET = 16.1;
				MTL_ENABLE_DEBUG_INFO = NO;
				MTL_FAST_MATH = YES;
				SDKROOT = iphoneos;
				SWIFT_COMPILATION_MODE = wholemodule;
				SWIFT_OPTIMIZATION_LEVEL = "-O";
				VALIDATE_PRODUCT = YES;
			};
			name = Release;
		};
		632E91C22AF98C6400CBB6BE /* Debug */ = {
			isa = XCBuildConfiguration;
			buildSettings = {
				ASSETCATALOG_COMPILER_APPICON_NAME = AppIcon;
				ASSETCATALOG_COMPILER_GLOBAL_ACCENT_COLOR_NAME = AccentColor;
				CODE_SIGN_STYLE = Automatic;
				CURRENT_PROJECT_VERSION = 1;
				DEVELOPMENT_TEAM = CVXWD8G3BG;
				GENERATE_INFOPLIST_FILE = YES;
				INFOPLIST_FILE = "MekvabidzeAni-TestProject/Resources/Info.plist";
				INFOPLIST_KEY_UIApplicationSupportsIndirectInputEvents = YES;
				INFOPLIST_KEY_UILaunchStoryboardName = LaunchScreen;
				INFOPLIST_KEY_UIMainStoryboardFile = Main;
				INFOPLIST_KEY_UIStatusBarStyle = "";
				INFOPLIST_KEY_UISupportedInterfaceOrientations_iPad = "UIInterfaceOrientationPortrait UIInterfaceOrientationPortraitUpsideDown UIInterfaceOrientationLandscapeLeft UIInterfaceOrientationLandscapeRight";
				INFOPLIST_KEY_UISupportedInterfaceOrientations_iPhone = "UIInterfaceOrientationPortrait UIInterfaceOrientationLandscapeLeft UIInterfaceOrientationLandscapeRight";
				LD_RUNPATH_SEARCH_PATHS = (
					"$(inherited)",
					"@executable_path/Frameworks",
				);
				MARKETING_VERSION = 1.0;
				PRODUCT_BUNDLE_IDENTIFIER = "personalWork.Ani.MekvabidzeAni-TestProject";
				PRODUCT_NAME = "$(TARGET_NAME)";
				SWIFT_EMIT_LOC_STRINGS = YES;
				SWIFT_VERSION = 5.0;
				TARGETED_DEVICE_FAMILY = "1,2";
			};
			name = Debug;
		};
		632E91C32AF98C6400CBB6BE /* Release */ = {
			isa = XCBuildConfiguration;
			buildSettings = {
				ASSETCATALOG_COMPILER_APPICON_NAME = AppIcon;
				ASSETCATALOG_COMPILER_GLOBAL_ACCENT_COLOR_NAME = AccentColor;
				CODE_SIGN_STYLE = Automatic;
				CURRENT_PROJECT_VERSION = 1;
				DEVELOPMENT_TEAM = CVXWD8G3BG;
				GENERATE_INFOPLIST_FILE = YES;
				INFOPLIST_FILE = "MekvabidzeAni-TestProject/Resources/Info.plist";
				INFOPLIST_KEY_UIApplicationSupportsIndirectInputEvents = YES;
				INFOPLIST_KEY_UILaunchStoryboardName = LaunchScreen;
				INFOPLIST_KEY_UIMainStoryboardFile = Main;
				INFOPLIST_KEY_UIStatusBarStyle = "";
				INFOPLIST_KEY_UISupportedInterfaceOrientations_iPad = "UIInterfaceOrientationPortrait UIInterfaceOrientationPortraitUpsideDown UIInterfaceOrientationLandscapeLeft UIInterfaceOrientationLandscapeRight";
				INFOPLIST_KEY_UISupportedInterfaceOrientations_iPhone = "UIInterfaceOrientationPortrait UIInterfaceOrientationLandscapeLeft UIInterfaceOrientationLandscapeRight";
				LD_RUNPATH_SEARCH_PATHS = (
					"$(inherited)",
					"@executable_path/Frameworks",
				);
				MARKETING_VERSION = 1.0;
				PRODUCT_BUNDLE_IDENTIFIER = "personalWork.Ani.MekvabidzeAni-TestProject";
				PRODUCT_NAME = "$(TARGET_NAME)";
				SWIFT_EMIT_LOC_STRINGS = YES;
				SWIFT_VERSION = 5.0;
				TARGETED_DEVICE_FAMILY = "1,2";
			};
			name = Release;
		};
/* End XCBuildConfiguration section */

/* Begin XCConfigurationList section */
		632E91A52AF98C6200CBB6BE /* Build configuration list for PBXProject "MekvabidzeAni-TestProject" */ = {
			isa = XCConfigurationList;
			buildConfigurations = (
				632E91BF2AF98C6400CBB6BE /* Debug */,
				632E91C02AF98C6400CBB6BE /* Release */,
			);
			defaultConfigurationIsVisible = 0;
			defaultConfigurationName = Release;
		};
		632E91C12AF98C6400CBB6BE /* Build configuration list for PBXNativeTarget "MekvabidzeAni-TestProject" */ = {
			isa = XCConfigurationList;
			buildConfigurations = (
				632E91C22AF98C6400CBB6BE /* Debug */,
				632E91C32AF98C6400CBB6BE /* Release */,
			);
			defaultConfigurationIsVisible = 0;
			defaultConfigurationName = Release;
		};
/* End XCConfigurationList section */

/* Begin XCRemoteSwiftPackageReference section */
		63E55F502AFFF7F8004F9D1B /* XCRemoteSwiftPackageReference "Kingfisher" */ = {
			isa = XCRemoteSwiftPackageReference;
			repositoryURL = "https://github.com/onevcat/Kingfisher.git";
			requirement = {
				kind = upToNextMajorVersion;
				minimumVersion = 7.0.0;
			};
		};
/* End XCRemoteSwiftPackageReference section */

/* Begin XCSwiftPackageProductDependency section */
		63E55F512AFFF7F8004F9D1B /* Kingfisher */ = {
			isa = XCSwiftPackageProductDependency;
			package = 63E55F502AFFF7F8004F9D1B /* XCRemoteSwiftPackageReference "Kingfisher" */;
			productName = Kingfisher;
		};
/* End XCSwiftPackageProductDependency section */

/* Begin XCVersionGroup section */
		63C9A97E2AFFCFFC000734C7 /* UserInfo.xcdatamodeld */ = {
			isa = XCVersionGroup;
			children = (
				63C9A97F2AFFCFFC000734C7 /* UserInfo.xcdatamodel */,
			);
			currentVersion = 63C9A97F2AFFCFFC000734C7 /* UserInfo.xcdatamodel */;
			path = UserInfo.xcdatamodeld;
			sourceTree = "<group>";
			versionGroupType = wrapper.xcdatamodel;
		};
/* End XCVersionGroup section */
	};
	rootObject = 632E91A22AF98C6200CBB6BE /* Project object */;
}
